# This file is generated by running "yarn install" inside your project.
# Manual changes might be lost - proceed with caution!

__metadata:
  version: 6

"@lyulyaev-maxim/prettier-config@workspace:.":
  version: 0.0.0-use.local
  resolution: "@lyulyaev-maxim/prettier-config@workspace:."
  peerDependencies:
    prettier: ^2.5.1
  languageName: unknown
  linkType: soft
